// !$*UTF8*$!
{
	archiveVersion = 1;
	classes = {
	};
	objectVersion = 77;
	objects = {

/* Begin PBXBuildFile section */
		5E384B6B2F78594700EB841B /* FirebaseAuth in Frameworks */ = {isa = PBXBuildFile; productRef = 5E384B6A2F78594700EB841B /* FirebaseAuth */; };
		5E384B6D2F78594800EB841B /* FirebaseAuthCombine-Community in Frameworks */ = {isa = PBXBuildFile; productRef = 5E384B6C2F78594800EB841B /* FirebaseAuthCombine-Community */; };
		6A4F0A4D57D54D5B8A3D2F10 /* GoogleMaps in Frameworks */ = {isa = PBXBuildFile; productRef = 6A4F0A4D57D54D5B8A3D2F11 /* GoogleMaps */; };
/* End PBXBuildFile section */

/* Begin PBXFileReference section */
		A7CB6D752F77885C00A0E6C6 /* ChhayaAI.app */ = {isa = PBXFileReference; explicitFileType = wrapper.application; includeInIndex = 0; path = ChhayaAI.app; sourceTree = BUILT_PRODUCTS_DIR; };
/* End PBXFileReference section */

/* Begin PBXFileSystemSynchronizedRootGroup section */
		A7CB6D772F77885C00A0E6C6 /* ChhayaAI */ = {
			isa = PBXFileSystemSynchronizedRootGroup;
			path = ChhayaAI;
			sourceTree = "<group>";
		};
/* End PBXFileSystemSynchronizedRootGroup section */

/* Begin PBXFrameworksBuildPhase section */
		A7CB6D722F77885C00A0E6C6 /* Frameworks */ = {
			isa = PBXFrameworksBuildPhase;
			buildActionMask = 2147483647;
			files = (
				5E384B6B2F78594700EB841B /* FirebaseAuth in Frameworks */,
				5E384B6D2F78594800EB841B /* FirebaseAuthCombine-Community in Frameworks */,
				6A4F0A4D57D54D5B8A3D2F10 /* GoogleMaps in Frameworks */,
			);
			runOnlyForDeploymentPostprocessing = 0;
		};
/* End PBXFrameworksBuildPhase section */

/* Begin PBXGroup section */
		A7CB6D6C2F77885C00A0E6C6 = {
			isa = PBXGroup;
			children = (
				A7CB6D772F77885C00A0E6C6 /* ChhayaAI */,
				A7CB6D762F77885C00A0E6C6 /* Products */,
			);
			sourceTree = "<group>";
		};
		A7CB6D762F77885C00A0E6C6 /* Products */ = {
			isa = PBXGroup;
			children = (
				A7CB6D752F77885C00A0E6C6 /* ChhayaAI.app */,
			);
			name = Products;
			sourceTree = "<group>";
		};
/* End PBXGroup section */

/* Begin PBXNativeTarget section */
		A7CB6D742F77885C00A0E6C6 /* ChhayaAI */ = {
			isa = PBXNativeTarget;
			buildConfigurationList = A7CB6D802F77885D00A0E6C6 /* Build configuration list for PBXNativeTarget "ChhayaAI" */;
			buildPhases = (
				A7CB6D712F77885C00A0E6C6 /* Sources */,
				A7CB6D722F77885C00A0E6C6 /* Frameworks */,
				A7CB6D732F77885C00A0E6C6 /* Resources */,
			);
			buildRules = (
			);
			dependencies = (
			);
			fileSystemSynchronizedGroups = (
				A7CB6D772F77885C00A0E6C6 /* ChhayaAI */,
			);
			name = ChhayaAI;
			packageProductDependencies = (
				5E384B6A2F78594700EB841B /* FirebaseAuth */,
				5E384B6C2F78594800EB841B /* FirebaseAuthCombine-Community */,
				6A4F0A4D57D54D5B8A3D2F11 /* GoogleMaps */,
			);
			productName = ChhayaAI;
			productReference = A7CB6D752F77885C00A0E6C6 /* ChhayaAI.app */;
			productType = "com.apple.product-type.application";
		};
/* End PBXNativeTarget section */

/* Begin PBXProject section */
		A7CB6D6D2F77885C00A0E6C6 /* Project object */ = {
			isa = PBXProject;
			attributes = {
				BuildIndependentTargetsInParallel = 1;
				LastSwiftUpdateCheck = 2610;
				LastUpgradeCheck = 2610;
				TargetAttributes = {
					A7CB6D742F77885C00A0E6C6 = {
						CreatedOnToolsVersion = 26.1;
					};
				};
			};
			buildConfigurationList = A7CB6D702F77885C00A0E6C6 /* Build configuration list for PBXProject "ChhayaAI" */;
			developmentRegion = en;
			hasScannedForEncodings = 0;
			knownRegions = (
				en,
				Base,
			);
			mainGroup = A7CB6D6C2F77885C00A0E6C6;
			minimizedProjectReferenceProxies = 1;
			packageReferences = (
				5E384B692F78594700EB841B /* XCRemoteSwiftPackageReference "firebase-ios-sdk" */,
				6A4F0A4D57D54D5B8A3D2F12 /* XCRemoteSwiftPackageReference "ios-maps-sdk" */,
			);
			preferredProjectObjectVersion = 77;
			productRefGroup = A7CB6D762F77885C00A0E6C6 /* Products */;
			projectDirPath = "";
			projectRoot = "";
			targets = (
				A7CB6D742F77885C00A0E6C6 /* ChhayaAI */,
			);
		};
/* End PBXProject section */

/* Begin PBXResourcesBuildPhase section */
		A7CB6D732F77885C00A0E6C6 /* Resources */ = {
			isa = PBXResourcesBuildPhase;
			buildActionMask = 2147483647;
			files = (
			);
			runOnlyForDeploymentPostprocessing = 0;
		};
/* End PBXResourcesBuildPhase section */

/* Begin PBXSourcesBuildPhase section */
		A7CB6D712F77885C00A0E6C6 /* Sources */ = {
			isa = PBXSourcesBuildPhase;
			buildActionMask = 2147483647;
			files = (
			);
			runOnlyForDeploymentPostprocessing = 0;
		};
/* End PBXSourcesBuildPhase section */

/* Begin XCBuildConfiguration section */
		A7CB6D7E2F77885D00A0E6C6 /* Debug */ = {
			isa = XCBuildConfiguration;
			buildSettings = {
				ALWAYS_SEARCH_USER_PATHS = NO;
				ASSETCATALOG_COMPILER_GENERATE_SWIFT_ASSET_SYMBOL_EXTENSIONS = YES;
				CLANG_ANALYZER_NONNULL = YES;
				CLANG_ANALYZER_NUMBER_OBJECT_CONVERSION = YES_AGGRESSIVE;
				CLANG_CXX_LANGUAGE_STANDARD = "gnu++20";
				CLANG_ENABLE_MODULES = YES;
				CLANG_ENABLE_OBJC_ARC = YES;
				CLANG_ENABLE_OBJC_WEAK = YES;
				CLANG_WARN_BLOCK_CAPTURE_AUTORELEASING = YES;
				CLANG_WARN_BOOL_CONVERSION = YES;
				CLANG_WARN_COMMA = YES;
				CLANG_WARN_CONSTANT_CONVERSION = YES;
				CLANG_WARN_DEPRECATED_OBJC_IMPLEMENTATIONS = YES;
				CLANG_WARN_DIRECT_OBJC_ISA_USAGE = YES_ERROR;
				CLANG_WARN_DOCUMENTATION_COMMENTS = YES;
				CLANG_WARN_EMPTY_BODY = YES;
				CLANG_WARN_ENUM_CONVERSION = YES;
				CLANG_WARN_INFINITE_RECURSION = YES;
				CLANG_WARN_INT_CONVERSION = YES;
				CLANG_WARN_NON_LITERAL_NULL_CONVERSION = YES;
				CLANG_WARN_OBJC_IMPLICIT_RETAIN_SELF = YES;
				CLANG_WARN_OBJC_LITERAL_CONVERSION = YES;
				CLANG_WARN_OBJC_ROOT_CLASS = YES_ERROR;
				CLANG_WARN_QUOTED_INCLUDE_IN_FRAMEWORK_HEADER = YES;
				CLANG_WARN_RANGE_LOOP_ANALYSIS = YES;
				CLANG_WARN_STRICT_PROTOTYPES = YES;
				CLANG_WARN_SUSPICIOUS_MOVE = YES;
				CLANG_WARN_UNGUARDED_AVAILABILITY = YES_AGGRESSIVE;
				CLANG_WARN_UNREACHABLE_CODE = YES;
				CLANG_WARN__DUPLICATE_METHOD_MATCH = YES;
				COPY_PHASE_STRIP = NO;
				DEBUG_INFORMATION_FORMAT = dwarf;
				DEVELOPMENT_TEAM = T42LB9MHGU;
				ENABLE_STRICT_OBJC_MSGSEND = YES;
				ENABLE_TESTABILITY = YES;
				ENABLE_USER_SCRIPT_SANDBOXING = YES;
				GCC_C_LANGUAGE_STANDARD = gnu17;
				GCC_DYNAMIC_NO_PIC = NO;
				GCC_NO_COMMON_BLOCKS = YES;
				GCC_OPTIMIZATION_LEVEL = 0;
				GCC_PREPROCESSOR_DEFINITIONS = (
					"DEBUG=1",
					"$(inherited)",
				);
				GCC_WARN_64_TO_32_BIT_CONVERSION = YES;
				GCC_WARN_ABOUT_RETURN_TYPE = YES_ERROR;
				GCC_WARN_UNDECLARED_SELECTOR = YES;
				GCC_WARN_UNINITIALIZED_AUTOS = YES_AGGRESSIVE;
				GCC_WARN_UNUSED_FUNCTION = YES;
				GCC_WARN_UNUSED_VARIABLE = YES;
				IPHONEOS_DEPLOYMENT_TARGET = 18.0;
				LOCALIZATION_PREFERS_STRING_CATALOGS = YES;
				MTL_ENABLE_DEBUG_INFO = INCLUDE_SOURCE;
				MTL_FAST_MATH = YES;
				ONLY_ACTIVE_ARCH = YES;
				SDKROOT = iphoneos;
				SWIFT_ACTIVE_COMPILATION_CONDITIONS = "DEBUG $(inherited)";
				SWIFT_OPTIMIZATION_LEVEL = "-Onone";
			};
			name = Debug;
		};
		A7CB6D7F2F77885D00A0E6C6 /* Release */ = {
			isa = XCBuildConfiguration;
			buildSettings = {
				ALWAYS_SEARCH_USER_PATHS = NO;
				ASSETCATALOG_COMPILER_GENERATE_SWIFT_ASSET_SYMBOL_EXTENSIONS = YES;
				CLANG_ANALYZER_NONNULL = YES;
				CLANG_ANALYZER_NUMBER_OBJECT_CONVERSION = YES_AGGRESSIVE;
				CLANG_CXX_LANGUAGE_STANDARD = "gnu++20";
				CLANG_ENABLE_MODULES = YES;
				CLANG_ENABLE_OBJC_ARC = YES;
				CLANG_ENABLE_OBJC_WEAK = YES;
				CLANG_WARN_BLOCK_CAPTURE_AUTORELEASING = YES;
				CLANG_WARN_BOOL_CONVERSION = YES;
				CLANG_WARN_COMMA = YES;
				CLANG_WARN_CONSTANT_CONVERSION = YES;
				CLANG_WARN_DEPRECATED_OBJC_IMPLEMENTATIONS = YES;
				CLANG_WARN_DIRECT_OBJC_ISA_USAGE = YES_ERROR;
				CLANG_WARN_DOCUMENTATION_COMMENTS = YES;
				CLANG_WARN_EMPTY_BODY = YES;
				CLANG_WARN_ENUM_CONVERSION = YES;
				CLANG_WARN_INFINITE_RECURSION = YES;
				CLANG_WARN_INT_CONVERSION = YES;
				CLANG_WARN_NON_LITERAL_NULL_CONVERSION = YES;
				CLANG_WARN_OBJC_IMPLICIT_RETAIN_SELF = YES;
				CLANG_WARN_OBJC_LITERAL_CONVERSION = YES;
				CLANG_WARN_OBJC_ROOT_CLASS = YES_ERROR;
				CLANG_WARN_QUOTED_INCLUDE_IN_FRAMEWORK_HEADER = YES;
				CLANG_WARN_RANGE_LOOP_ANALYSIS = YES;
				CLANG_WARN_STRICT_PROTOTYPES = YES;
				CLANG_WARN_SUSPICIOUS_MOVE = YES;
				CLANG_WARN_UNGUARDED_AVAILABILITY = YES_AGGRESSIVE;
				CLANG_WARN_UNREACHABLE_CODE = YES;
				CLANG_WARN__DUPLICATE_METHOD_MATCH = YES;
				COPY_PHASE_STRIP = NO;
				DEBUG_INFORMATION_FORMAT = "dwarf-with-dsym";
				DEVELOPMENT_TEAM = T42LB9MHGU;
				ENABLE_NS_ASSERTIONS = NO;
				ENABLE_STRICT_OBJC_MSGSEND = YES;
				ENABLE_USER_SCRIPT_SANDBOXING = YES;
				GCC_C_LANGUAGE_STANDARD = gnu17;
				GCC_NO_COMMON_BLOCKS = YES;
				GCC_WARN_64_TO_32_BIT_CONVERSION = YES;
				GCC_WARN_ABOUT_RETURN_TYPE = YES_ERROR;
				GCC_WARN_UNDECLARED_SELECTOR = YES;
				GCC_WARN_UNINITIALIZED_AUTOS = YES_AGGRESSIVE;
				GCC_WARN_UNUSED_FUNCTION = YES;
				GCC_WARN_UNUSED_VARIABLE = YES;
				IPHONEOS_DEPLOYMENT_TARGET = 18.0;
				LOCALIZATION_PREFERS_STRING_CATALOGS = YES;
				MTL_ENABLE_DEBUG_INFO = NO;
				MTL_FAST_MATH = YES;
				SDKROOT = iphoneos;
				SWIFT_COMPILATION_MODE = wholemodule;
				VALIDATE_PRODUCT = YES;
			};
			name = Release;
		};
		A7CB6D812F77885D00A0E6C6 /* Debug */ = {
			isa = XCBuildConfiguration;
			buildSettings = {
				AGENT_API_BASE_URL = "http://127.0.0.1:8000";
				ASSETCATALOG_COMPILER_APPICON_NAME = AppIcon;
				ASSETCATALOG_COMPILER_GLOBAL_ACCENT_COLOR_NAME = AccentColor;
				CODE_SIGN_ENTITLEMENTS = ChhayaAI/ChhayaAI.entitlements;
				CODE_SIGN_IDENTITY = "Apple Development";
				CODE_SIGN_STYLE = Automatic;
				CURRENT_PROJECT_VERSION = 1;
				DEVELOPMENT_TEAM = HYBDQX8K49;
				ENABLE_PREVIEWS = YES;
				GENERATE_INFOPLIST_FILE = YES;
				GOOGLE_MAPS_API_KEY = "AIzaSyDCbWxlGKqvNR2DW2c-xZg8p6Wxt1z_L0g";
				GOOGLE_MAPS_MAP_ID = 4a9498d10a4cb2743981e85f;
			INFOPLIST_FILE = Info.plist;
			INFOPLIST_KEY_NSLocationWhenInUseUsageDescription = "ChhayaAI uses your location for SOS, map matching, and emergency flows.";
			INFOPLIST_KEY_UIApplicationSceneManifest_Generation = YES;
			INFOPLIST_KEY_UIApplicationSupportsIndirectInputEvents = YES;
			INFOPLIST_KEY_UILaunchScreen_Generation = YES;
			INFOPLIST_KEY_UISupportedInterfaceOrientations_iPad = "UIInterfaceOrientationPortrait UIInterfaceOrientationPortraitUpsideDown UIInterfaceOrientationLandscapeLeft UIInterfaceOrientationLandscapeRight";
			INFOPLIST_KEY_UISupportedInterfaceOrientations_iPhone = "UIInterfaceOrientationPortrait UIInterfaceOrientationLandscapeLeft UIInterfaceOrientationLandscapeRight";
			LD_RUNPATH_SEARCH_PATHS = (
				"$(inherited)",
				"@executable_path/Frameworks",
			);
			LIBRARY_SEARCH_PATHS = (
				"$(inherited)",
				"$(PROJECT_DIR)/ChhayaAI/ai_agent_service/.venv/lib/python3.12/site-packages/pydantic_core",
			);
			MARKETING_VERSION = 1.0;
			PRODUCT_BUNDLE_IDENTIFIER = com.nikesh.chhayaai;
			PRODUCT_NAME = "$(TARGET_NAME)";
			PROVISIONING_PROFILE_SPECIFIER = "";
			STRING_CATALOG_GENERATE_SYMBOLS = YES;
			SWIFT_APPROACHABLE_CONCURRENCY = YES;
			SWIFT_DEFAULT_ACTOR_ISOLATION = MainActor;
			SWIFT_EMIT_LOC_STRINGS = YES;
			SWIFT_UPCOMING_FEATURE_MEMBER_IMPORT_VISIBILITY = YES;
			SWIFT_VERSION = 5.0;
			TARGETED_DEVICE_FAMILY = "1,2";
		};
		name = Debug;
	};
		A7CB6D822F77885D00A0E6C6 /* Release */ = {
		isa = XCBuildConfiguration;
		buildSettings = {
			AGENT_API_BASE_URL = "https://YOUR_CLOUD_RUN_URL";
			ASSETCATALOG_COMPILER_APPICON_NAME = AppIcon;
			ASSETCATALOG_COMPILER_GLOBAL_ACCENT_COLOR_NAME = AccentColor;
			CODE_SIGN_ENTITLEMENTS = ChhayaAI/ChhayaAI.entitlements;
			CODE_SIGN_STYLE = Automatic;
			CURRENT_PROJECT_VERSION = 1;
			DEVELOPMENT_TEAM = HYBDQX8K49;
			ENABLE_PREVIEWS = YES;
			GENERATE_INFOPLIST_FILE = YES;
			GOOGLE_MAPS_API_KEY = "AIzaSyDCbWxlGKqvNR2DW2c-xZg8p6Wxt1z_L0g";
			GOOGLE_MAPS_MAP_ID = 4a9498d10a4cb2743981e85f;
			INFOPLIST_FILE = Info.plist;
			INFOPLIST_KEY_NSLocationWhenInUseUsageDescription = "ChhayaAI uses your location for SOS, map matching, and emergency flows.";
			INFOPLIST_KEY_UIApplicationSceneManifest_Generation = YES;
			INFOPLIST_KEY_UIApplicationSupportsIndirectInputEvents = YES;
			INFOPLIST_KEY_UILaunchScreen_Generation = YES;
			INFOPLIST_KEY_UISupportedInterfaceOrientations_iPad = "UIInterfaceOrientationPortrait UIInterfaceOrientationPortraitUpsideDown UIInterfaceOrientationLandscapeLeft UIInterfaceOrientationLandscapeRight";
			INFOPLIST_KEY_UISupportedInterfaceOrientations_iPhone = "UIInterfaceOrientationPortrait UIInterfaceOrientationLandscapeLeft UIInterfaceOrientationLandscapeRight";
			LD_RUNPATH_SEARCH_PATHS = (
				"$(inherited)",
				"@executable_path/Frameworks",
			);
			LIBRARY_SEARCH_PATHS = (
				"$(inherited)",
				"$(PROJECT_DIR)/ChhayaAI/ai_agent_service/.venv/lib/python3.12/site-packages/pydantic_core",
			);
			MARKETING_VERSION = 1.0;
			PRODUCT_BUNDLE_IDENTIFIER = com.nikesh.chhayaai;
			PRODUCT_NAME = "$(TARGET_NAME)";
			STRING_CATALOG_GENERATE_SYMBOLS = YES;
			SWIFT_APPROACHABLE_CONCURRENCY = YES;
			SWIFT_DEFAULT_ACTOR_ISOLATION = MainActor;
			SWIFT_EMIT_LOC_STRINGS = YES;
			SWIFT_UPCOMING_FEATURE_MEMBER_IMPORT_VISIBILITY = YES;
			SWIFT_VERSION = 5.0;
			TARGETED_DEVICE_FAMILY = "1,2";
		};
		name = Release;
		};
/* End XCBuildConfiguration section */

/* Begin XCConfigurationList section */
		A7CB6D702F77885C00A0E6C6 /* Build configuration list for PBXProject "ChhayaAI" */ = {
			isa = XCConfigurationList;
			buildConfigurations = (
				A7CB6D7E2F77885D00A0E6C6 /* Debug */,
				A7CB6D7F2F77885D00A0E6C6 /* Release */,
			);
			defaultConfigurationIsVisible = 0;
			defaultConfigurationName = Release;
		};
		A7CB6D802F77885D00A0E6C6 /* Build configuration list for PBXNativeTarget "ChhayaAI" */ = {
			isa = XCConfigurationList;
			buildConfigurations = (
				A7CB6D812F77885D00A0E6C6 /* Debug */,
				A7CB6D822F77885D00A0E6C6 /* Release */,
			);
			defaultConfigurationIsVisible = 0;
			defaultConfigurationName = Release;
		};
/* End XCConfigurationList section */

/* Begin XCRemoteSwiftPackageReference section */
		5E384B692F78594700EB841B /* XCRemoteSwiftPackageReference "firebase-ios-sdk" */ = {
			isa = XCRemoteSwiftPackageReference;
			repositoryURL = "https://github.com/firebase/firebase-ios-sdk";
			requirement = {
				kind = upToNextMajorVersion;
				minimumVersion = 12.11.0;
			};
		};
		6A4F0A4D57D54D5B8A3D2F12 /* XCRemoteSwiftPackageReference "ios-maps-sdk" */ = {
			isa = XCRemoteSwiftPackageReference;
			repositoryURL = "https://github.com/googlemaps/ios-maps-sdk";
			requirement = {
				branch = main;
				kind = branch;
			};
		};
/* End XCRemoteSwiftPackageReference section */

/* Begin XCSwiftPackageProductDependency section */
		5E384B6A2F78594700EB841B /* FirebaseAuth */ = {
			isa = XCSwiftPackageProductDependency;
			package = 5E384B692F78594700EB841B /* XCRemoteSwiftPackageReference "firebase-ios-sdk" */;
			productName = FirebaseAuth;
		};
		5E384B6C2F78594800EB841B /* FirebaseAuthCombine-Community */ = {
			isa = XCSwiftPackageProductDependency;
			package = 5E384B692F78594700EB841B /* XCRemoteSwiftPackageReference "firebase-ios-sdk" */;
			productName = "FirebaseAuthCombine-Community";
		};
		6A4F0A4D57D54D5B8A3D2F11 /* GoogleMaps */ = {
			isa = XCSwiftPackageProductDependency;
			package = 6A4F0A4D57D54D5B8A3D2F12 /* XCRemoteSwiftPackageReference "ios-maps-sdk" */;
			productName = GoogleMaps;
		};
/* End XCSwiftPackageProductDependency section */
	};
	rootObject = A7CB6D6D2F77885C00A0E6C6 /* Project object */;
}
